<?xml version="1.0" encoding="utf-8"?>
<Project ToolsVersion="4.0" xmlns="http://schemas.microsoft.com/developer/msbuild/2003">
  <ItemGroup>
    <CudaCompile Include="cuda\algebra\matrix_transpose.cu">
      <Filter>cuda\algebra</Filter>
    </CudaCompile>
    <CudaCompile Include="cuda\algebra\matrix_mul.cu">
      <Filter>cuda\algebra</Filter>
    </CudaCompile>
    <CudaCompile Include="cuda\activations\activation.cu">
      <Filter>cuda\activations</Filter>
    </CudaCompile>
    <CudaCompile Include="cuda\algebra\matrix_add.cu">
      <Filter>cuda\algebra</Filter>
    </CudaCompile>
    <CudaCompile Include="cuda\utils_cuda.cu">
      <Filter>cuda</Filter>
    </CudaCompile>
    <CudaCompile Include="cuda\algebra\matrix_add_vector.cu">
      <Filter>cuda\algebra</Filter>
    </CudaCompile>
    <CudaCompile Include="cuda\algebra\matrix_add_scalar.cu">
      <Filter>cuda\algebra</Filter>
    </CudaCompile>
    <CudaCompile Include="cuda\algebra\range_reduce.cu">
      <Filter>cuda\algebra</Filter>
    </CudaCompile>
    <CudaCompile Include="cuda\algebra\matrix_mul_scalar.cu">
      <Filter>cuda\algebra</Filter>
    </CudaCompile>
    <CudaCompile Include="cuda\algebra\matrix_sum.cu">
      <Filter>cuda\algebra</Filter>
    </CudaCompile>
    <CudaCompile Include="cuda\activations\dropout.cu">
      <Filter>cuda\activations</Filter>
    </CudaCompile>
    <CudaCompile Include="cuda\algebra\matrix_mul_add_bias.cu">
      <Filter>cuda\algebra</Filter>
    </CudaCompile>
  </ItemGroup>
  <ItemGroup>
    <ClCompile Include="main.cpp" />
  </ItemGroup>
  <ItemGroup>
    <ClInclude Include="cuda\utils.hpp">
      <Filter>cuda</Filter>
    </ClInclude>
    <ClInclude Include="cuda\matrix.hpp">
      <Filter>cuda</Filter>
    </ClInclude>
    <ClInclude Include="host\matrix.hpp">
      <Filter>host</Filter>
    </ClInclude>
    <ClInclude Include="host\utils.hpp">
      <Filter>host</Filter>
    </ClInclude>
    <ClInclude Include="cuda\algebra\matrix_transpose.cuh">
      <Filter>cuda\algebra</Filter>
    </ClInclude>
    <ClInclude Include="cuda\algebra\matrix_mul.cuh">
      <Filter>cuda\algebra</Filter>
    </ClInclude>
    <ClInclude Include="cuda\activations\activation.cuh">
      <Filter>cuda\activations</Filter>
    </ClInclude>
    <ClInclude Include="cuda\algebra\matrix_add.cuh">
      <Filter>cuda\algebra</Filter>
    </ClInclude>
    <ClInclude Include="cuda\utils_cuda.cuh">
      <Filter>cuda</Filter>
    </ClInclude>
    <ClInclude Include="cuda\dual_matrix.hpp">
      <Filter>cuda</Filter>
    </ClInclude>
    <ClInclude Include="cuda\vector.hpp">
      <Filter>cuda</Filter>
    </ClInclude>
    <ClInclude Include="cuda\algebra\matrix_add_vector.cuh">
      <Filter>cuda\algebra</Filter>
    </ClInclude>
    <ClInclude Include="host\vector.hpp">
      <Filter>host</Filter>
    </ClInclude>
    <ClInclude Include="cuda\algebra\matrix_add_scalar.cuh">
      <Filter>cuda\algebra</Filter>
    </ClInclude>
    <ClInclude Include="host\algebra\matrix_mul.hpp">
      <Filter>host\algebra</Filter>
    </ClInclude>
    <ClInclude Include="host\algebra\utils.hpp">
      <Filter>host\algebra</Filter>
    </ClInclude>
    <ClInclude Include="host\algebra\avx2_algebra.hpp">
      <Filter>host\algebra</Filter>
    </ClInclude>
    <ClInclude Include="host\dual_matrix.hpp">
      <Filter>host</Filter>
    </ClInclude>
    <ClInclude Include="cuda\algebra\range_reduce.cuh">
      <Filter>cuda\algebra</Filter>
    </ClInclude>
    <ClInclude Include="cuda\memory.hpp">
      <Filter>cuda</Filter>
    </ClInclude>
    <ClInclude Include="host\algebra\matrix_add.hpp">
      <Filter>host\algebra</Filter>
    </ClInclude>
    <ClInclude Include="host\algebra\matrix_transpose.hpp">
      <Filter>host\algebra</Filter>
    </ClInclude>
    <ClInclude Include="host\algebra\matrix_add_vector.hpp">
      <Filter>host\algebra</Filter>
    </ClInclude>
    <ClInclude Include="host\algebra\matrix_scalar_mul.hpp">
      <Filter>host\algebra</Filter>
    </ClInclude>
    <ClInclude Include="cuda\algebra\matrix_mul_scalar.cuh">
      <Filter>cuda\algebra</Filter>
    </ClInclude>
    <ClInclude Include="cuda\algebra\matrix_sum.cuh">
      <Filter>cuda\algebra</Filter>
    </ClInclude>
    <ClInclude Include="host\algebra\matrix_sum.hpp">
      <Filter>host\algebra</Filter>
    </ClInclude>
    <ClInclude Include="cnn\linear.hpp">
      <Filter>cnn</Filter>
    </ClInclude>
    <ClInclude Include="cnn\config.hpp">
      <Filter>cnn</Filter>
    </ClInclude>
    <ClInclude Include="cnn\neural_network.hpp">
      <Filter>cnn</Filter>
    </ClInclude>
    <ClInclude Include="base\dual_matrix.hpp">
      <Filter>base</Filter>
    </ClInclude>
    <ClInclude Include="base\matrix.hpp">
      <Filter>base</Filter>
    </ClInclude>
    <ClInclude Include="base\matrix_view.hpp">
      <Filter>base</Filter>
    </ClInclude>
    <ClInclude Include="base\types.hpp">
      <Filter>base</Filter>
    </ClInclude>
    <ClInclude Include="base\utils.hpp">
      <Filter>base</Filter>
    </ClInclude>
    <ClInclude Include="base\vector.hpp">
      <Filter>base</Filter>
    </ClInclude>
    <ClInclude Include="base\vector_view.hpp">
      <Filter>base</Filter>
    </ClInclude>
    <ClInclude Include="cnn\dropout.hpp">
      <Filter>cnn</Filter>
    </ClInclude>
    <ClInclude Include="cuda\activations\dropout.cuh">
      <Filter>cuda\activations</Filter>
    </ClInclude>
    <ClInclude Include="cnn\file.hpp">
      <Filter>cnn</Filter>
    </ClInclude>
    <ClInclude Include="cnn\activations.hpp">
      <Filter>cnn</Filter>
    </ClInclude>
    <ClInclude Include="cuda\algebra\matrix_mul_add_bias.cuh">
      <Filter>cuda\algebra</Filter>
    </ClInclude>
    <ClInclude Include="host\algebra\matrix_mul_add_bias.hpp">
      <Filter>host\algebra</Filter>
    </ClInclude>
    <ClInclude Include="cnn\optimizers.hpp">
      <Filter>cnn</Filter>
    </ClInclude>
    <ClInclude Include="cnn\optimizers\adam.hpp">
      <Filter>cnn\optimizers</Filter>
    </ClInclude>
    <ClInclude Include="nn.hpp" />
    <ClInclude Include="python\python.hpp">
      <Filter>python</Filter>
    </ClInclude>
    <ClInclude Include="python\defines.hpp">
      <Filter>python</Filter>
    </ClInclude>
  </ItemGroup>
  <ItemGroup>
    <Filter Include="cuda">
      <UniqueIdentifier>{1b78e72d-5c11-4315-9ddd-5f5c2adbe13b}</UniqueIdentifier>
    </Filter>
    <Filter Include="host">
      <UniqueIdentifier>{4f66ca00-a4f8-4324-a0fe-5f5267b7c283}</UniqueIdentifier>
    </Filter>
    <Filter Include="cuda\algebra">
      <UniqueIdentifier>{5da30f20-2cd0-49d6-a339-5edb92b06425}</UniqueIdentifier>
    </Filter>
    <Filter Include="cuda\activations">
      <UniqueIdentifier>{0a2012de-72c3-4a26-9370-ee32f530ac8b}</UniqueIdentifier>
    </Filter>
    <Filter Include="host\algebra">
      <UniqueIdentifier>{1ecd6bdf-0a4d-4f4a-9d51-bfc61131ae12}</UniqueIdentifier>
    </Filter>
    <Filter Include="cnn">
      <UniqueIdentifier>{6f07eaf4-7243-4db6-bacc-6ce620386c6e}</UniqueIdentifier>
    </Filter>
    <Filter Include="base">
      <UniqueIdentifier>{585e0ce2-646d-4b6d-9cc1-c23f871e9558}</UniqueIdentifier>
    </Filter>
    <Filter Include="cnn\optimizers">
      <UniqueIdentifier>{c413fbb1-77b1-423a-a344-0576e899d344}</UniqueIdentifier>
    </Filter>
    <Filter Include="python">
      <UniqueIdentifier>{23fb0957-da9e-491f-b200-198d9ff005e7}</UniqueIdentifier>
    </Filter>
  </ItemGroup>
  <ItemGroup>
    <None Include="cpp.hint" />
  </ItemGroup>
</Project>